
Microsoft Visual Studio Solution File, Format Version 12.00
# Visual Studio Version 17
VisualStudioVersion = 17.11.35303.130
MinimumVisualStudioVersion = 10.0.40219.1
Project("{FAE04EC0-301F-11D3-BF4B-00C04F79EFBC}") = "S1114777HW0101", "S1114777HW0101\S1114777HW0101.csproj", "{51D82067-771F-421F-9AAA-660F700BA141}"
EndProject
Global
	GlobalSection(SolutionConfigurationPlatforms) = preSolution
		Debug|Any CPU = Debug|Any CPU
		Release|Any CPU = Release|Any CPU
	EndGlobalSection
	GlobalSection(ProjectConfigurationPlatforms) = postSolution
		{51D82067-771F-421F-9AAA-660F700BA141}.Debug|Any CPU.ActiveCfg = Debug|Any CPU
		{51D82067-771F-421F-9AAA-660F700BA141}.Debug|Any CPU.Build.0 = Debug|Any CPU
		{51D82067-771F-421F-9AAA-660F700BA141}.Release|Any CPU.ActiveCfg = Release|Any CPU
		{51D82067-771F-421F-9AAA-660F700BA141}.Release|Any CPU.Build.0 = Release|Any CPU
	EndGlobalSection
	GlobalSection(SolutionProperties) = preSolution
		HideSolutionNode = FALSE
	EndGlobalSection
	GlobalSection(ExtensibilityGlobals) = postSolution
		SolutionGuid = {48861EC5-ADF1-461A-8C82-25D5F1231489}
	EndGlobalSection
EndGlobal
